// !$*UTF8*$!
{
	archiveVersion = 1;
	classes = {
	};
	objectVersion = 50;
	objects = {

/* Begin PBXBuildFile section */
		418EE82D23A1B24F00309BD4 /* AppDelegate.swift in Sources */ = {isa = PBXBuildFile; fileRef = 418EE82C23A1B24F00309BD4 /* AppDelegate.swift */; };
		418EE82F23A1B24F00309BD4 /* SceneDelegate.swift in Sources */ = {isa = PBXBuildFile; fileRef = 418EE82E23A1B24F00309BD4 /* SceneDelegate.swift */; };
		418EE83123A1B24F00309BD4 /* ProfileList.swift in Sources */ = {isa = PBXBuildFile; fileRef = 418EE83023A1B24F00309BD4 /* ProfileList.swift */; };
		418EE83423A1B24F00309BD4 /* Main.storyboard in Resources */ = {isa = PBXBuildFile; fileRef = 418EE83223A1B24F00309BD4 /* Main.storyboard */; };
		418EE83723A1B24F00309BD4 /* DebtTracker.xcdatamodeld in Sources */ = {isa = PBXBuildFile; fileRef = 418EE83523A1B24F00309BD4 /* DebtTracker.xcdatamodeld */; };
		418EE83923A1B25000309BD4 /* Assets.xcassets in Resources */ = {isa = PBXBuildFile; fileRef = 418EE83823A1B25000309BD4 /* Assets.xcassets */; };
		418EE83C23A1B25000309BD4 /* LaunchScreen.storyboard in Resources */ = {isa = PBXBuildFile; fileRef = 418EE83A23A1B25000309BD4 /* LaunchScreen.storyboard */; };
		418EE84823A1B2B900309BD4 /* Profile.swift in Sources */ = {isa = PBXBuildFile; fileRef = 418EE84723A1B2B900309BD4 /* Profile.swift */; };
		418EE84C23A1B4E400309BD4 /* LinkedList.swift in Sources */ = {isa = PBXBuildFile; fileRef = 418EE84B23A1B4E400309BD4 /* LinkedList.swift */; };
		418EE84E23A1B55B00309BD4 /* Transaction.swift in Sources */ = {isa = PBXBuildFile; fileRef = 418EE84D23A1B55B00309BD4 /* Transaction.swift */; };
		418EE87623A23C4900309BD4 /* ProfileCell.swift in Sources */ = {isa = PBXBuildFile; fileRef = 418EE87523A23C4900309BD4 /* ProfileCell.swift */; };
		418EE87823A30B1300309BD4 /* NewProfileViewController.swift in Sources */ = {isa = PBXBuildFile; fileRef = 418EE87723A30B1300309BD4 /* NewProfileViewController.swift */; };
		418EE87A23A31E2700309BD4 /* AmountField.swift in Sources */ = {isa = PBXBuildFile; fileRef = 418EE87923A31E2700309BD4 /* AmountField.swift */; };
		418EE87C23A3367100309BD4 /* DetailList.swift in Sources */ = {isa = PBXBuildFile; fileRef = 418EE87B23A3367100309BD4 /* DetailList.swift */; };
/* End PBXBuildFile section */

/* Begin PBXFileReference section */
		418EE82923A1B24F00309BD4 /* DebtTracker.app */ = {isa = PBXFileReference; explicitFileType = wrapper.application; includeInIndex = 0; path = DebtTracker.app; sourceTree = BUILT_PRODUCTS_DIR; };
		418EE82C23A1B24F00309BD4 /* AppDelegate.swift */ = {isa = PBXFileReference; lastKnownFileType = sourcecode.swift; path = AppDelegate.swift; sourceTree = "<group>"; };
		418EE82E23A1B24F00309BD4 /* SceneDelegate.swift */ = {isa = PBXFileReference; lastKnownFileType = sourcecode.swift; path = SceneDelegate.swift; sourceTree = "<group>"; };
		418EE83023A1B24F00309BD4 /* ProfileList.swift */ = {isa = PBXFileReference; lastKnownFileType = sourcecode.swift; path = ProfileList.swift; sourceTree = "<group>"; };
		418EE83323A1B24F00309BD4 /* Base */ = {isa = PBXFileReference; lastKnownFileType = file.storyboard; name = Base; path = Base.lproj/Main.storyboard; sourceTree = "<group>"; };
		418EE83623A1B24F00309BD4 /* DebtTracker.xcdatamodel */ = {isa = PBXFileReference; lastKnownFileType = wrapper.xcdatamodel; path = DebtTracker.xcdatamodel; sourceTree = "<group>"; };
		418EE83823A1B25000309BD4 /* Assets.xcassets */ = {isa = PBXFileReference; lastKnownFileType = folder.assetcatalog; path = Assets.xcassets; sourceTree = "<group>"; };
		418EE83B23A1B25000309BD4 /* Base */ = {isa = PBXFileReference; lastKnownFileType = file.storyboard; name = Base; path = Base.lproj/LaunchScreen.storyboard; sourceTree = "<group>"; };
		418EE83D23A1B25000309BD4 /* Info.plist */ = {isa = PBXFileReference; lastKnownFileType = text.plist.xml; path = Info.plist; sourceTree = "<group>"; };
		418EE84723A1B2B900309BD4 /* Profile.swift */ = {isa = PBXFileReference; lastKnownFileType = sourcecode.swift; path = Profile.swift; sourceTree = "<group>"; };
		418EE84B23A1B4E400309BD4 /* LinkedList.swift */ = {isa = PBXFileReference; lastKnownFileType = sourcecode.swift; path = LinkedList.swift; sourceTree = "<group>"; };
		418EE84D23A1B55B00309BD4 /* Transaction.swift */ = {isa = PBXFileReference; lastKnownFileType = sourcecode.swift; path = Transaction.swift; sourceTree = "<group>"; };
		418EE87523A23C4900309BD4 /* ProfileCell.swift */ = {isa = PBXFileReference; lastKnownFileType = sourcecode.swift; path = ProfileCell.swift; sourceTree = "<group>"; };
		418EE87723A30B1300309BD4 /* NewProfileViewController.swift */ = {isa = PBXFileReference; lastKnownFileType = sourcecode.swift; path = NewProfileViewController.swift; sourceTree = "<group>"; };
		418EE87923A31E2700309BD4 /* AmountField.swift */ = {isa = PBXFileReference; lastKnownFileType = sourcecode.swift; path = AmountField.swift; sourceTree = "<group>"; };
		418EE87B23A3367100309BD4 /* DetailList.swift */ = {isa = PBXFileReference; lastKnownFileType = sourcecode.swift; path = DetailList.swift; sourceTree = "<group>"; };
/* End PBXFileReference section */

/* Begin PBXFrameworksBuildPhase section */
		418EE82623A1B24F00309BD4 /* Frameworks */ = {
			isa = PBXFrameworksBuildPhase;
			buildActionMask = 2147483647;
			files = (
			);
			runOnlyForDeploymentPostprocessing = 0;
		};
/* End PBXFrameworksBuildPhase section */

/* Begin PBXGroup section */
		418EE82023A1B24F00309BD4 = {
			isa = PBXGroup;
			children = (
				418EE82B23A1B24F00309BD4 /* DebtTracker */,
				418EE82A23A1B24F00309BD4 /* Products */,
			);
			sourceTree = "<group>";
		};
		418EE82A23A1B24F00309BD4 /* Products */ = {
			isa = PBXGroup;
			children = (
				418EE82923A1B24F00309BD4 /* DebtTracker.app */,
			);
			name = Products;
			sourceTree = "<group>";
		};
		418EE82B23A1B24F00309BD4 /* DebtTracker */ = {
			isa = PBXGroup;
			children = (
				418EE82C23A1B24F00309BD4 /* AppDelegate.swift */,
				418EE82E23A1B24F00309BD4 /* SceneDelegate.swift */,
				418EE87223A22F9600309BD4 /* View */,
				418EE84423A1B28F00309BD4 /* ViewController */,
				418EE84323A1B28A00309BD4 /* Model */,
				418EE83223A1B24F00309BD4 /* Main.storyboard */,
				418EE83823A1B25000309BD4 /* Assets.xcassets */,
				418EE83A23A1B25000309BD4 /* LaunchScreen.storyboard */,
				418EE83D23A1B25000309BD4 /* Info.plist */,
				418EE83523A1B24F00309BD4 /* DebtTracker.xcdatamodeld */,
			);
			path = DebtTracker;
			sourceTree = "<group>";
		};
		418EE84323A1B28A00309BD4 /* Model */ = {
			isa = PBXGroup;
			children = (
				418EE84723A1B2B900309BD4 /* Profile.swift */,
				418EE84B23A1B4E400309BD4 /* LinkedList.swift */,
				418EE84D23A1B55B00309BD4 /* Transaction.swift */,
				418EE87923A31E2700309BD4 /* AmountField.swift */,
			);
			path = Model;
			sourceTree = "<group>";
		};
		418EE84423A1B28F00309BD4 /* ViewController */ = {
			isa = PBXGroup;
			children = (
				418EE83023A1B24F00309BD4 /* ProfileList.swift */,
				418EE87723A30B1300309BD4 /* NewProfileViewController.swift */,
				418EE87B23A3367100309BD4 /* DetailList.swift */,
			);
			path = ViewController;
			sourceTree = "<group>";
		};
		418EE87223A22F9600309BD4 /* View */ = {
			isa = PBXGroup;
			children = (
				418EE87523A23C4900309BD4 /* ProfileCell.swift */,
			);
			path = View;
			sourceTree = "<group>";
		};
/* End PBXGroup section */

/* Begin PBXNativeTarget section */
		418EE82823A1B24F00309BD4 /* DebtTracker */ = {
			isa = PBXNativeTarget;
			buildConfigurationList = 418EE84023A1B25000309BD4 /* Build configuration list for PBXNativeTarget "DebtTracker" */;
			buildPhases = (
				418EE82523A1B24F00309BD4 /* Sources */,
				418EE82623A1B24F00309BD4 /* Frameworks */,
				418EE82723A1B24F00309BD4 /* Resources */,
			);
			buildRules = (
			);
			dependencies = (
			);
			name = DebtTracker;
			productName = DebtTracker;
			productReference = 418EE82923A1B24F00309BD4 /* DebtTracker.app */;
			productType = "com.apple.product-type.application";
		};
/* End PBXNativeTarget section */

/* Begin PBXProject section */
		418EE82123A1B24F00309BD4 /* Project object */ = {
			isa = PBXProject;
			attributes = {
				LastSwiftUpdateCheck = 1120;
				LastUpgradeCheck = 1120;
				ORGANIZATIONNAME = "Rico Chao";
				TargetAttributes = {
					418EE82823A1B24F00309BD4 = {
						CreatedOnToolsVersion = 11.2.1;
					};
				};
			};
			buildConfigurationList = 418EE82423A1B24F00309BD4 /* Build configuration list for PBXProject "DebtTracker" */;
			compatibilityVersion = "Xcode 9.3";
			developmentRegion = en;
			hasScannedForEncodings = 0;
			knownRegions = (
				en,
				Base,
			);
			mainGroup = 418EE82023A1B24F00309BD4;
			productRefGroup = 418EE82A23A1B24F00309BD4 /* Products */;
			projectDirPath = "";
			projectRoot = "";
			targets = (
				418EE82823A1B24F00309BD4 /* DebtTracker */,
			);
		};
/* End PBXProject section */

/* Begin PBXResourcesBuildPhase section */
		418EE82723A1B24F00309BD4 /* Resources */ = {
			isa = PBXResourcesBuildPhase;
			buildActionMask = 2147483647;
			files = (
				418EE83C23A1B25000309BD4 /* LaunchScreen.storyboard in Resources */,
				418EE83923A1B25000309BD4 /* Assets.xcassets in Resources */,
				418EE83423A1B24F00309BD4 /* Main.storyboard in Resources */,
			);
			runOnlyForDeploymentPostprocessing = 0;
		};
/* End PBXResourcesBuildPhase section */

/* Begin PBXSourcesBuildPhase section */
		418EE82523A1B24F00309BD4 /* Sources */ = {
			isa = PBXSourcesBuildPhase;
			buildActionMask = 2147483647;
			files = (
				418EE84E23A1B55B00309BD4 /* Transaction.swift in Sources */,
				418EE87C23A3367100309BD4 /* DetailList.swift in Sources */,
				418EE83123A1B24F00309BD4 /* ProfileList.swift in Sources */,
				418EE84823A1B2B900309BD4 /* Profile.swift in Sources */,
				418EE82D23A1B24F00309BD4 /* AppDelegate.swift in Sources */,
				418EE82F23A1B24F00309BD4 /* SceneDelegate.swift in Sources */,
				418EE87623A23C4900309BD4 /* ProfileCell.swift in Sources */,
				418EE87A23A31E2700309BD4 /* AmountField.swift in Sources */,
				418EE83723A1B24F00309BD4 /* DebtTracker.xcdatamodeld in Sources */,
				418EE84C23A1B4E400309BD4 /* LinkedList.swift in Sources */,
				418EE87823A30B1300309BD4 /* NewProfileViewController.swift in Sources */,
			);
			runOnlyForDeploymentPostprocessing = 0;
		};
/* End PBXSourcesBuildPhase section */

/* Begin PBXVariantGroup section */
		418EE83223A1B24F00309BD4 /* Main.storyboard */ = {
			isa = PBXVariantGroup;
			children = (
				418EE83323A1B24F00309BD4 /* Base */,
			);
			name = Main.storyboard;
			sourceTree = "<group>";
		};
		418EE83A23A1B25000309BD4 /* LaunchScreen.storyboard */ = {
			isa = PBXVariantGroup;
			children = (
				418EE83B23A1B25000309BD4 /* Base */,
			);
			name = LaunchScreen.storyboard;
			sourceTree = "<group>";
		};
/* End PBXVariantGroup section */

/* Begin XCBuildConfiguration section */
		418EE83E23A1B25000309BD4 /* Debug */ = {
			isa = XCBuildConfiguration;
			buildSettings = {
				ALWAYS_SEARCH_USER_PATHS = NO;
				CLANG_ANALYZER_NONNULL = YES;
				CLANG_ANALYZER_NUMBER_OBJECT_CONVERSION = YES_AGGRESSIVE;
				CLANG_CXX_LANGUAGE_STANDARD = "gnu++14";
				CLANG_CXX_LIBRARY = "libc++";
				CLANG_ENABLE_MODULES = YES;
				CLANG_ENABLE_OBJC_ARC = YES;
				CLANG_ENABLE_OBJC_WEAK = YES;
				CLANG_WARN_BLOCK_CAPTURE_AUTORELEASING = YES;
				CLANG_WARN_BOOL_CONVERSION = YES;
				CLANG_WARN_COMMA = YES;
				CLANG_WARN_CONSTANT_CONVERSION = YES;
				CLANG_WARN_DEPRECATED_OBJC_IMPLEMENTATIONS = YES;
				CLANG_WARN_DIRECT_OBJC_ISA_USAGE = YES_ERROR;
				CLANG_WARN_DOCUMENTATION_COMMENTS = YES;
				CLANG_WARN_EMPTY_BODY = YES;
				CLANG_WARN_ENUM_CONVERSION = YES;
				CLANG_WARN_INFINITE_RECURSION = YES;
				CLANG_WARN_INT_CONVERSION = YES;
				CLANG_WARN_NON_LITERAL_NULL_CONVERSION = YES;
				CLANG_WARN_OBJC_IMPLICIT_RETAIN_SELF = YES;
				CLANG_WARN_OBJC_LITERAL_CONVERSION = YES;
				CLANG_WARN_OBJC_ROOT_CLASS = YES_ERROR;
				CLANG_WARN_RANGE_LOOP_ANALYSIS = YES;
				CLANG_WARN_STRICT_PROTOTYPES = YES;
				CLANG_WARN_SUSPICIOUS_MOVE = YES;
				CLANG_WARN_UNGUARDED_AVAILABILITY = YES_AGGRESSIVE;
				CLANG_WARN_UNREACHABLE_CODE = YES;
				CLANG_WARN__DUPLICATE_METHOD_MATCH = YES;
				COPY_PHASE_STRIP = NO;
				DEBUG_INFORMATION_FORMAT = dwarf;
				ENABLE_STRICT_OBJC_MSGSEND = YES;
				ENABLE_TESTABILITY = YES;
				GCC_C_LANGUAGE_STANDARD = gnu11;
				GCC_DYNAMIC_NO_PIC = NO;
				GCC_NO_COMMON_BLOCKS = YES;
				GCC_OPTIMIZATION_LEVEL = 0;
				GCC_PREPROCESSOR_DEFINITIONS = (
					"DEBUG=1",
					"$(inherited)",
				);
				GCC_WARN_64_TO_32_BIT_CONVERSION = YES;
				GCC_WARN_ABOUT_RETURN_TYPE = YES_ERROR;
				GCC_WARN_UNDECLARED_SELECTOR = YES;
				GCC_WARN_UNINITIALIZED_AUTOS = YES_AGGRESSIVE;
				GCC_WARN_UNUSED_FUNCTION = YES;
				GCC_WARN_UNUSED_VARIABLE = YES;
				IPHONEOS_DEPLOYMENT_TARGET = 13.2;
				MTL_ENABLE_DEBUG_INFO = INCLUDE_SOURCE;
				MTL_FAST_MATH = YES;
				ONLY_ACTIVE_ARCH = YES;
				SDKROOT = iphoneos;
				SWIFT_ACTIVE_COMPILATION_CONDITIONS = DEBUG;
				SWIFT_OPTIMIZATION_LEVEL = "-Onone";
			};
			name = Debug;
		};
		418EE83F23A1B25000309BD4 /* Release */ = {
			isa = XCBuildConfiguration;
			buildSettings = {
				ALWAYS_SEARCH_USER_PATHS = NO;
				CLANG_ANALYZER_NONNULL = YES;
				CLANG_ANALYZER_NUMBER_OBJECT_CONVERSION = YES_AGGRESSIVE;
				CLANG_CXX_LANGUAGE_STANDARD = "gnu++14";
				CLANG_CXX_LIBRARY = "libc++";
				CLANG_ENABLE_MODULES = YES;
				CLANG_ENABLE_OBJC_ARC = YES;
				CLANG_ENABLE_OBJC_WEAK = YES;
				CLANG_WARN_BLOCK_CAPTURE_AUTORELEASING = YES;
				CLANG_WARN_BOOL_CONVERSION = YES;
				CLANG_WARN_COMMA = YES;
				CLANG_WARN_CONSTANT_CONVERSION = YES;
				CLANG_WARN_DEPRECATED_OBJC_IMPLEMENTATIONS = YES;
				CLANG_WARN_DIRECT_OBJC_ISA_USAGE = YES_ERROR;
				CLANG_WARN_DOCUMENTATION_COMMENTS = YES;
				CLANG_WARN_EMPTY_BODY = YES;
				CLANG_WARN_ENUM_CONVERSION = YES;
				CLANG_WARN_INFINITE_RECURSION = YES;
				CLANG_WARN_INT_CONVERSION = YES;
				CLANG_WARN_NON_LITERAL_NULL_CONVERSION = YES;
				CLANG_WARN_OBJC_IMPLICIT_RETAIN_SELF = YES;
				CLANG_WARN_OBJC_LITERAL_CONVERSION = YES;
				CLANG_WARN_OBJC_ROOT_CLASS = YES_ERROR;
				CLANG_WARN_RANGE_LOOP_ANALYSIS = YES;
				CLANG_WARN_STRICT_PROTOTYPES = YES;
				CLANG_WARN_SUSPICIOUS_MOVE = YES;
				CLANG_WARN_UNGUARDED_AVAILABILITY = YES_AGGRESSIVE;
				CLANG_WARN_UNREACHABLE_CODE = YES;
				CLANG_WARN__DUPLICATE_METHOD_MATCH = YES;
				COPY_PHASE_STRIP = NO;
				DEBUG_INFORMATION_FORMAT = "dwarf-with-dsym";
				ENABLE_NS_ASSERTIONS = NO;
				ENABLE_STRICT_OBJC_MSGSEND = YES;
				GCC_C_LANGUAGE_STANDARD = gnu11;
				GCC_NO_COMMON_BLOCKS = YES;
				GCC_WARN_64_TO_32_BIT_CONVERSION = YES;
				GCC_WARN_ABOUT_RETURN_TYPE = YES_ERROR;
				GCC_WARN_UNDECLARED_SELECTOR = YES;
				GCC_WARN_UNINITIALIZED_AUTOS = YES_AGGRESSIVE;
				GCC_WARN_UNUSED_FUNCTION = YES;
				GCC_WARN_UNUSED_VARIABLE = YES;
				IPHONEOS_DEPLOYMENT_TARGET = 13.2;
				MTL_ENABLE_DEBUG_INFO = NO;
				MTL_FAST_MATH = YES;
				SDKROOT = iphoneos;
				SWIFT_COMPILATION_MODE = wholemodule;
				SWIFT_OPTIMIZATION_LEVEL = "-O";
				VALIDATE_PRODUCT = YES;
			};
			name = Release;
		};
		418EE84123A1B25000309BD4 /* Debug */ = {
			isa = XCBuildConfiguration;
			buildSettings = {
				ASSETCATALOG_COMPILER_APPICON_NAME = AppIcon;
				CODE_SIGN_STYLE = Automatic;
				DEVELOPMENT_TEAM = 63546DG48K;
				INFOPLIST_FILE = DebtTracker/Info.plist;
				LD_RUNPATH_SEARCH_PATHS = (
					"$(inherited)",
					"@executable_path/Frameworks",
				);
				PRODUCT_BUNDLE_IDENTIFIER = com.ricochao.DebtTracker;
				PRODUCT_NAME = "$(TARGET_NAME)";
				SWIFT_VERSION = 5.0;
				TARGETED_DEVICE_FAMILY = "1,2";
			};
			name = Debug;
		};
		418EE84223A1B25000309BD4 /* Release */ = {
			isa = XCBuildConfiguration;
			buildSettings = {
				ASSETCATALOG_COMPILER_APPICON_NAME = AppIcon;
				CODE_SIGN_STYLE = Automatic;
				DEVELOPMENT_TEAM = 63546DG48K;
				INFOPLIST_FILE = DebtTracker/Info.plist;
				LD_RUNPATH_SEARCH_PATHS = (
					"$(inherited)",
					"@executable_path/Frameworks",
				);
				PRODUCT_BUNDLE_IDENTIFIER = com.ricochao.DebtTracker;
				PRODUCT_NAME = "$(TARGET_NAME)";
				SWIFT_VERSION = 5.0;
				TARGETED_DEVICE_FAMILY = "1,2";
			};
			name = Release;
		};
/* End XCBuildConfiguration section */

/* Begin XCConfigurationList section */
		418EE82423A1B24F00309BD4 /* Build configuration list for PBXProject "DebtTracker" */ = {
			isa = XCConfigurationList;
			buildConfigurations = (
				418EE83E23A1B25000309BD4 /* Debug */,
				418EE83F23A1B25000309BD4 /* Release */,
			);
			defaultConfigurationIsVisible = 0;
			defaultConfigurationName = Release;
		};
		418EE84023A1B25000309BD4 /* Build configuration list for PBXNativeTarget "DebtTracker" */ = {
			isa = XCConfigurationList;
			buildConfigurations = (
				418EE84123A1B25000309BD4 /* Debug */,
				418EE84223A1B25000309BD4 /* Release */,
			);
			defaultConfigurationIsVisible = 0;
			defaultConfigurationName = Release;
		};
/* End XCConfigurationList section */

/* Begin XCVersionGroup section */
		418EE83523A1B24F00309BD4 /* DebtTracker.xcdatamodeld */ = {
			isa = XCVersionGroup;
			children = (
				418EE83623A1B24F00309BD4 /* DebtTracker.xcdatamodel */,
			);
			currentVersion = 418EE83623A1B24F00309BD4 /* DebtTracker.xcdatamodel */;
			path = DebtTracker.xcdatamodeld;
			sourceTree = "<group>";
			versionGroupType = wrapper.xcdatamodel;
		};
/* End XCVersionGroup section */
	};
	rootObject = 418EE82123A1B24F00309BD4 /* Project object */;
}
